// !$*UTF8*$!
{
	archiveVersion = 1;
	classes = {
	};
	objectVersion = 46;
	objects = {

/* Begin PBXBuildFile section */
		B0D0EDEB1EBBDB95008687F4 /* AppDelegate.swift in Sources */ = {isa = PBXBuildFile; fileRef = B0D0EDEA1EBBDB95008687F4 /* AppDelegate.swift */; };
		B0D0EDED1EBBDB95008687F4 /* ViewController.swift in Sources */ = {isa = PBXBuildFile; fileRef = B0D0EDEC1EBBDB95008687F4 /* ViewController.swift */; };
		B0D0EDF01EBBDB95008687F4 /* Main.storyboard in Resources */ = {isa = PBXBuildFile; fileRef = B0D0EDEE1EBBDB95008687F4 /* Main.storyboard */; };
		B0D0EDF21EBBDB95008687F4 /* Assets.xcassets in Resources */ = {isa = PBXBuildFile; fileRef = B0D0EDF11EBBDB95008687F4 /* Assets.xcassets */; };
		B0D0EDF51EBBDB95008687F4 /* LaunchScreen.storyboard in Resources */ = {isa = PBXBuildFile; fileRef = B0D0EDF31EBBDB95008687F4 /* LaunchScreen.storyboard */; };
		B0D0EE001EBBDB96008687F4 /* PlaygroundsAndViewModelsExampleTests.swift in Sources */ = {isa = PBXBuildFile; fileRef = B0D0EDFF1EBBDB96008687F4 /* PlaygroundsAndViewModelsExampleTests.swift */; };
		B0D0EE0B1EBBDB96008687F4 /* PlaygroundsAndViewModelsExampleUITests.swift in Sources */ = {isa = PBXBuildFile; fileRef = B0D0EE0A1EBBDB96008687F4 /* PlaygroundsAndViewModelsExampleUITests.swift */; };
/* End PBXBuildFile section */

/* Begin PBXContainerItemProxy section */
		B0D0EDFC1EBBDB96008687F4 /* PBXContainerItemProxy */ = {
			isa = PBXContainerItemProxy;
			containerPortal = B0D0EDDF1EBBDB95008687F4 /* Project object */;
			proxyType = 1;
			remoteGlobalIDString = B0D0EDE61EBBDB95008687F4;
			remoteInfo = PlaygroundsAndViewModelsExample;
		};
		B0D0EE071EBBDB96008687F4 /* PBXContainerItemProxy */ = {
			isa = PBXContainerItemProxy;
			containerPortal = B0D0EDDF1EBBDB95008687F4 /* Project object */;
			proxyType = 1;
			remoteGlobalIDString = B0D0EDE61EBBDB95008687F4;
			remoteInfo = PlaygroundsAndViewModelsExample;
		};
/* End PBXContainerItemProxy section */

/* Begin PBXFileReference section */
		B0D0EDE71EBBDB95008687F4 /* PlaygroundsAndViewModelsExample.app */ = {isa = PBXFileReference; explicitFileType = wrapper.application; includeInIndex = 0; path = PlaygroundsAndViewModelsExample.app; sourceTree = BUILT_PRODUCTS_DIR; };
		B0D0EDEA1EBBDB95008687F4 /* AppDelegate.swift */ = {isa = PBXFileReference; lastKnownFileType = sourcecode.swift; path = AppDelegate.swift; sourceTree = "<group>"; };
		B0D0EDEC1EBBDB95008687F4 /* ViewController.swift */ = {isa = PBXFileReference; lastKnownFileType = sourcecode.swift; path = ViewController.swift; sourceTree = "<group>"; };
		B0D0EDEF1EBBDB95008687F4 /* Base */ = {isa = PBXFileReference; lastKnownFileType = file.storyboard; name = Base; path = Base.lproj/Main.storyboard; sourceTree = "<group>"; };
		B0D0EDF11EBBDB95008687F4 /* Assets.xcassets */ = {isa = PBXFileReference; lastKnownFileType = folder.assetcatalog; path = Assets.xcassets; sourceTree = "<group>"; };
		B0D0EDF41EBBDB95008687F4 /* Base */ = {isa = PBXFileReference; lastKnownFileType = file.storyboard; name = Base; path = Base.lproj/LaunchScreen.storyboard; sourceTree = "<group>"; };
		B0D0EDF61EBBDB95008687F4 /* Info.plist */ = {isa = PBXFileReference; lastKnownFileType = text.plist.xml; path = Info.plist; sourceTree = "<group>"; };
		B0D0EDFB1EBBDB96008687F4 /* PlaygroundsAndViewModelsExampleTests.xctest */ = {isa = PBXFileReference; explicitFileType = wrapper.cfbundle; includeInIndex = 0; path = PlaygroundsAndViewModelsExampleTests.xctest; sourceTree = BUILT_PRODUCTS_DIR; };
		B0D0EDFF1EBBDB96008687F4 /* PlaygroundsAndViewModelsExampleTests.swift */ = {isa = PBXFileReference; lastKnownFileType = sourcecode.swift; path = PlaygroundsAndViewModelsExampleTests.swift; sourceTree = "<group>"; };
		B0D0EE011EBBDB96008687F4 /* Info.plist */ = {isa = PBXFileReference; lastKnownFileType = text.plist.xml; path = Info.plist; sourceTree = "<group>"; };
		B0D0EE061EBBDB96008687F4 /* PlaygroundsAndViewModelsExampleUITests.xctest */ = {isa = PBXFileReference; explicitFileType = wrapper.cfbundle; includeInIndex = 0; path = PlaygroundsAndViewModelsExampleUITests.xctest; sourceTree = BUILT_PRODUCTS_DIR; };
		B0D0EE0A1EBBDB96008687F4 /* PlaygroundsAndViewModelsExampleUITests.swift */ = {isa = PBXFileReference; lastKnownFileType = sourcecode.swift; path = PlaygroundsAndViewModelsExampleUITests.swift; sourceTree = "<group>"; };
		B0D0EE0C1EBBDB96008687F4 /* Info.plist */ = {isa = PBXFileReference; lastKnownFileType = text.plist.xml; path = Info.plist; sourceTree = "<group>"; };
/* End PBXFileReference section */

/* Begin PBXFrameworksBuildPhase section */
		B0D0EDE41EBBDB95008687F4 /* Frameworks */ = {
			isa = PBXFrameworksBuildPhase;
			buildActionMask = 2147483647;
			files = (
			);
			runOnlyForDeploymentPostprocessing = 0;
		};
		B0D0EDF81EBBDB96008687F4 /* Frameworks */ = {
			isa = PBXFrameworksBuildPhase;
			buildActionMask = 2147483647;
			files = (
			);
			runOnlyForDeploymentPostprocessing = 0;
		};
		B0D0EE031EBBDB96008687F4 /* Frameworks */ = {
			isa = PBXFrameworksBuildPhase;
			buildActionMask = 2147483647;
			files = (
			);
			runOnlyForDeploymentPostprocessing = 0;
		};
/* End PBXFrameworksBuildPhase section */

/* Begin PBXGroup section */
		B0D0EDDE1EBBDB95008687F4 = {
			isa = PBXGroup;
			children = (
				B0D0EDE91EBBDB95008687F4 /* PlaygroundsAndViewModelsExample */,
				B0D0EDFE1EBBDB96008687F4 /* PlaygroundsAndViewModelsExampleTests */,
				B0D0EE091EBBDB96008687F4 /* PlaygroundsAndViewModelsExampleUITests */,
				B0D0EDE81EBBDB95008687F4 /* Products */,
			);
			sourceTree = "<group>";
		};
		B0D0EDE81EBBDB95008687F4 /* Products */ = {
			isa = PBXGroup;
			children = (
				B0D0EDE71EBBDB95008687F4 /* PlaygroundsAndViewModelsExample.app */,
				B0D0EDFB1EBBDB96008687F4 /* PlaygroundsAndViewModelsExampleTests.xctest */,
				B0D0EE061EBBDB96008687F4 /* PlaygroundsAndViewModelsExampleUITests.xctest */,
			);
			name = Products;
			sourceTree = "<group>";
		};
		B0D0EDE91EBBDB95008687F4 /* PlaygroundsAndViewModelsExample */ = {
			isa = PBXGroup;
			children = (
				B0D0EDEA1EBBDB95008687F4 /* AppDelegate.swift */,
				B0D0EDEC1EBBDB95008687F4 /* ViewController.swift */,
				B0D0EDEE1EBBDB95008687F4 /* Main.storyboard */,
				B0D0EDF11EBBDB95008687F4 /* Assets.xcassets */,
				B0D0EDF31EBBDB95008687F4 /* LaunchScreen.storyboard */,
				B0D0EDF61EBBDB95008687F4 /* Info.plist */,
			);
			path = PlaygroundsAndViewModelsExample;
			sourceTree = "<group>";
		};
		B0D0EDFE1EBBDB96008687F4 /* PlaygroundsAndViewModelsExampleTests */ = {
			isa = PBXGroup;
			children = (
				B0D0EDFF1EBBDB96008687F4 /* PlaygroundsAndViewModelsExampleTests.swift */,
				B0D0EE011EBBDB96008687F4 /* Info.plist */,
			);
			path = PlaygroundsAndViewModelsExampleTests;
			sourceTree = "<group>";
		};
		B0D0EE091EBBDB96008687F4 /* PlaygroundsAndViewModelsExampleUITests */ = {
			isa = PBXGroup;
			children = (
				B0D0EE0A1EBBDB96008687F4 /* PlaygroundsAndViewModelsExampleUITests.swift */,
				B0D0EE0C1EBBDB96008687F4 /* Info.plist */,
			);
			path = PlaygroundsAndViewModelsExampleUITests;
			sourceTree = "<group>";
		};
/* End PBXGroup section */

/* Begin PBXNativeTarget section */
		B0D0EDE61EBBDB95008687F4 /* PlaygroundsAndViewModelsExample */ = {
			isa = PBXNativeTarget;
			buildConfigurationList = B0D0EE0F1EBBDB96008687F4 /* Build configuration list for PBXNativeTarget "PlaygroundsAndViewModelsExample" */;
			buildPhases = (
				B0D0EDE31EBBDB95008687F4 /* Sources */,
				B0D0EDE41EBBDB95008687F4 /* Frameworks */,
				B0D0EDE51EBBDB95008687F4 /* Resources */,
			);
			buildRules = (
			);
			dependencies = (
			);
			name = PlaygroundsAndViewModelsExample;
			productName = PlaygroundsAndViewModelsExample;
			productReference = B0D0EDE71EBBDB95008687F4 /* PlaygroundsAndViewModelsExample.app */;
			productType = "com.apple.product-type.application";
		};
		B0D0EDFA1EBBDB96008687F4 /* PlaygroundsAndViewModelsExampleTests */ = {
			isa = PBXNativeTarget;
			buildConfigurationList = B0D0EE121EBBDB96008687F4 /* Build configuration list for PBXNativeTarget "PlaygroundsAndViewModelsExampleTests" */;
			buildPhases = (
				B0D0EDF71EBBDB96008687F4 /* Sources */,
				B0D0EDF81EBBDB96008687F4 /* Frameworks */,
				B0D0EDF91EBBDB96008687F4 /* Resources */,
			);
			buildRules = (
			);
			dependencies = (
				B0D0EDFD1EBBDB96008687F4 /* PBXTargetDependency */,
			);
			name = PlaygroundsAndViewModelsExampleTests;
			productName = PlaygroundsAndViewModelsExampleTests;
			productReference = B0D0EDFB1EBBDB96008687F4 /* PlaygroundsAndViewModelsExampleTests.xctest */;
			productType = "com.apple.product-type.bundle.unit-test";
		};
		B0D0EE051EBBDB96008687F4 /* PlaygroundsAndViewModelsExampleUITests */ = {
			isa = PBXNativeTarget;
			buildConfigurationList = B0D0EE151EBBDB96008687F4 /* Build configuration list for PBXNativeTarget "PlaygroundsAndViewModelsExampleUITests" */;
			buildPhases = (
				B0D0EE021EBBDB96008687F4 /* Sources */,
				B0D0EE031EBBDB96008687F4 /* Frameworks */,
				B0D0EE041EBBDB96008687F4 /* Resources */,
			);
			buildRules = (
			);
			dependencies = (
				B0D0EE081EBBDB96008687F4 /* PBXTargetDependency */,
			);
			name = PlaygroundsAndViewModelsExampleUITests;
			productName = PlaygroundsAndViewModelsExampleUITests;
			productReference = B0D0EE061EBBDB96008687F4 /* PlaygroundsAndViewModelsExampleUITests.xctest */;
			productType = "com.apple.product-type.bundle.ui-testing";
		};
/* End PBXNativeTarget section */

/* Begin PBXProject section */
		B0D0EDDF1EBBDB95008687F4 /* Project object */ = {
			isa = PBXProject;
			attributes = {
				LastSwiftUpdateCheck = 0830;
				LastUpgradeCheck = 0830;
				ORGANIZATIONNAME = "Rommel Rico";
				TargetAttributes = {
					B0D0EDE61EBBDB95008687F4 = {
						CreatedOnToolsVersion = 8.3.2;
						DevelopmentTeam = 6RV5CH2XTD;
						ProvisioningStyle = Automatic;
					};
					B0D0EDFA1EBBDB96008687F4 = {
						CreatedOnToolsVersion = 8.3.2;
						DevelopmentTeam = 6RV5CH2XTD;
						ProvisioningStyle = Automatic;
						TestTargetID = B0D0EDE61EBBDB95008687F4;
					};
					B0D0EE051EBBDB96008687F4 = {
						CreatedOnToolsVersion = 8.3.2;
						DevelopmentTeam = 6RV5CH2XTD;
						ProvisioningStyle = Automatic;
						TestTargetID = B0D0EDE61EBBDB95008687F4;
					};
				};
			};
			buildConfigurationList = B0D0EDE21EBBDB95008687F4 /* Build configuration list for PBXProject "PlaygroundsAndViewModelsExample" */;
			compatibilityVersion = "Xcode 3.2";
			developmentRegion = English;
			hasScannedForEncodings = 0;
			knownRegions = (
				en,
				Base,
			);
			mainGroup = B0D0EDDE1EBBDB95008687F4;
			productRefGroup = B0D0EDE81EBBDB95008687F4 /* Products */;
			projectDirPath = "";
			projectRoot = "";
			targets = (
				B0D0EDE61EBBDB95008687F4 /* PlaygroundsAndViewModelsExample */,
				B0D0EDFA1EBBDB96008687F4 /* PlaygroundsAndViewModelsExampleTests */,
				B0D0EE051EBBDB96008687F4 /* PlaygroundsAndViewModelsExampleUITests */,
			);
		};
/* End PBXProject section */

/* Begin PBXResourcesBuildPhase section */
		B0D0EDE51EBBDB95008687F4 /* Resources */ = {
			isa = PBXResourcesBuildPhase;
			buildActionMask = 2147483647;
			files = (
				B0D0EDF51EBBDB95008687F4 /* LaunchScreen.storyboard in Resources */,
				B0D0EDF21EBBDB95008687F4 /* Assets.xcassets in Resources */,
				B0D0EDF01EBBDB95008687F4 /* Main.storyboard in Resources */,
			);
			runOnlyForDeploymentPostprocessing = 0;
		};
		B0D0EDF91EBBDB96008687F4 /* Resources */ = {
			isa = PBXResourcesBuildPhase;
			buildActionMask = 2147483647;
			files = (
			);
			runOnlyForDeploymentPostprocessing = 0;
		};
		B0D0EE041EBBDB96008687F4 /* Resources */ = {
			isa = PBXResourcesBuildPhase;
			buildActionMask = 2147483647;
			files = (
			);
			runOnlyForDeploymentPostprocessing = 0;
		};
/* End PBXResourcesBuildPhase section */

/* Begin PBXSourcesBuildPhase section */
		B0D0EDE31EBBDB95008687F4 /* Sources */ = {
			isa = PBXSourcesBuildPhase;
			buildActionMask = 2147483647;
			files = (
				B0D0EDED1EBBDB95008687F4 /* ViewController.swift in Sources */,
				B0D0EDEB1EBBDB95008687F4 /* AppDelegate.swift in Sources */,
			);
			runOnlyForDeploymentPostprocessing = 0;
		};
		B0D0EDF71EBBDB96008687F4 /* Sources */ = {
			isa = PBXSourcesBuildPhase;
			buildActionMask = 2147483647;
			files = (
				B0D0EE001EBBDB96008687F4 /* PlaygroundsAndViewModelsExampleTests.swift in Sources */,
			);
			runOnlyForDeploymentPostprocessing = 0;
		};
		B0D0EE021EBBDB96008687F4 /* Sources */ = {
			isa = PBXSourcesBuildPhase;
			buildActionMask = 2147483647;
			files = (
				B0D0EE0B1EBBDB96008687F4 /* PlaygroundsAndViewModelsExampleUITests.swift in Sources */,
			);
			runOnlyForDeploymentPostprocessing = 0;
		};
/* End PBXSourcesBuildPhase section */

/* Begin PBXTargetDependency section */
		B0D0EDFD1EBBDB96008687F4 /* PBXTargetDependency */ = {
			isa = PBXTargetDependency;
			target = B0D0EDE61EBBDB95008687F4 /* PlaygroundsAndViewModelsExample */;
			targetProxy = B0D0EDFC1EBBDB96008687F4 /* PBXContainerItemProxy */;
		};
		B0D0EE081EBBDB96008687F4 /* PBXTargetDependency */ = {
			isa = PBXTargetDependency;
			target = B0D0EDE61EBBDB95008687F4 /* PlaygroundsAndViewModelsExample */;
			targetProxy = B0D0EE071EBBDB96008687F4 /* PBXContainerItemProxy */;
		};
/* End PBXTargetDependency section */

/* Begin PBXVariantGroup section */
		B0D0EDEE1EBBDB95008687F4 /* Main.storyboard */ = {
			isa = PBXVariantGroup;
			children = (
				B0D0EDEF1EBBDB95008687F4 /* Base */,
			);
			name = Main.storyboard;
			sourceTree = "<group>";
		};
		B0D0EDF31EBBDB95008687F4 /* LaunchScreen.storyboard */ = {
			isa = PBXVariantGroup;
			children = (
				B0D0EDF41EBBDB95008687F4 /* Base */,
			);
			name = LaunchScreen.storyboard;
			sourceTree = "<group>";
		};
/* End PBXVariantGroup section */

/* Begin XCBuildConfiguration section */
		B0D0EE0D1EBBDB96008687F4 /* Debug */ = {
			isa = XCBuildConfiguration;
			buildSettings = {
				ALWAYS_SEARCH_USER_PATHS = NO;
				CLANG_ANALYZER_NONNULL = YES;
				CLANG_ANALYZER_NUMBER_OBJECT_CONVERSION = YES_AGGRESSIVE;
				CLANG_CXX_LANGUAGE_STANDARD = "gnu++0x";
				CLANG_CXX_LIBRARY = "libc++";
				CLANG_ENABLE_MODULES = YES;
				CLANG_ENABLE_OBJC_ARC = YES;
				CLANG_WARN_BOOL_CONVERSION = YES;
				CLANG_WARN_CONSTANT_CONVERSION = YES;
				CLANG_WARN_DIRECT_OBJC_ISA_USAGE = YES_ERROR;
				CLANG_WARN_DOCUMENTATION_COMMENTS = YES;
				CLANG_WARN_EMPTY_BODY = YES;
				CLANG_WARN_ENUM_CONVERSION = YES;
				CLANG_WARN_INFINITE_RECURSION = YES;
				CLANG_WARN_INT_CONVERSION = YES;
				CLANG_WARN_OBJC_ROOT_CLASS = YES_ERROR;
				CLANG_WARN_SUSPICIOUS_MOVE = YES;
				CLANG_WARN_UNREACHABLE_CODE = YES;
				CLANG_WARN__DUPLICATE_METHOD_MATCH = YES;
				"CODE_SIGN_IDENTITY[sdk=iphoneos*]" = "iPhone Developer";
				COPY_PHASE_STRIP = NO;
				DEBUG_INFORMATION_FORMAT = dwarf;
				ENABLE_STRICT_OBJC_MSGSEND = YES;
				ENABLE_TESTABILITY = YES;
				GCC_C_LANGUAGE_STANDARD = gnu99;
				GCC_DYNAMIC_NO_PIC = NO;
				GCC_NO_COMMON_BLOCKS = YES;
				GCC_OPTIMIZATION_LEVEL = 0;
				GCC_PREPROCESSOR_DEFINITIONS = (
					"DEBUG=1",
					"$(inherited)",
				);
				GCC_WARN_64_TO_32_BIT_CONVERSION = YES;
				GCC_WARN_ABOUT_RETURN_TYPE = YES_ERROR;
				GCC_WARN_UNDECLARED_SELECTOR = YES;
				GCC_WARN_UNINITIALIZED_AUTOS = YES_AGGRESSIVE;
				GCC_WARN_UNUSED_FUNCTION = YES;
				GCC_WARN_UNUSED_VARIABLE = YES;
				IPHONEOS_DEPLOYMENT_TARGET = 10.3;
				MTL_ENABLE_DEBUG_INFO = YES;
				ONLY_ACTIVE_ARCH = YES;
				SDKROOT = iphoneos;
				SWIFT_ACTIVE_COMPILATION_CONDITIONS = DEBUG;
				SWIFT_OPTIMIZATION_LEVEL = "-Onone";
				TARGETED_DEVICE_FAMILY = "1,2";
			};
			name = Debug;
		};
		B0D0EE0E1EBBDB96008687F4 /* Release */ = {
			isa = XCBuildConfiguration;
			buildSettings = {
				ALWAYS_SEARCH_USER_PATHS = NO;
				CLANG_ANALYZER_NONNULL = YES;
				CLANG_ANALYZER_NUMBER_OBJECT_CONVERSION = YES_AGGRESSIVE;
				CLANG_CXX_LANGUAGE_STANDARD = "gnu++0x";
				CLANG_CXX_LIBRARY = "libc++";
				CLANG_ENABLE_MODULES = YES;
				CLANG_ENABLE_OBJC_ARC = YES;
				CLANG_WARN_BOOL_CONVERSION = YES;
				CLANG_WARN_CONSTANT_CONVERSION = YES;
				CLANG_WARN_DIRECT_OBJC_ISA_USAGE = YES_ERROR;
				CLANG_WARN_DOCUMENTATION_COMMENTS = YES;
				CLANG_WARN_EMPTY_BODY = YES;
				CLANG_WARN_ENUM_CONVERSION = YES;
				CLANG_WARN_INFINITE_RECURSION = YES;
				CLANG_WARN_INT_CONVERSION = YES;
				CLANG_WARN_OBJC_ROOT_CLASS = YES_ERROR;
				CLANG_WARN_SUSPICIOUS_MOVE = YES;
				CLANG_WARN_UNREACHABLE_CODE = YES;
				CLANG_WARN__DUPLICATE_METHOD_MATCH = YES;
				"CODE_SIGN_IDENTITY[sdk=iphoneos*]" = "iPhone Developer";
				COPY_PHASE_STRIP = NO;
				DEBUG_INFORMATION_FORMAT = "dwarf-with-dsym";
				ENABLE_NS_ASSERTIONS = NO;
				ENABLE_STRICT_OBJC_MSGSEND = YES;
				GCC_C_LANGUAGE_STANDARD = gnu99;
				GCC_NO_COMMON_BLOCKS = YES;
				GCC_WARN_64_TO_32_BIT_CONVERSION = YES;
				GCC_WARN_ABOUT_RETURN_TYPE = YES_ERROR;
				GCC_WARN_UNDECLARED_SELECTOR = YES;
				GCC_WARN_UNINITIALIZED_AUTOS = YES_AGGRESSIVE;
				GCC_WARN_UNUSED_FUNCTION = YES;
				GCC_WARN_UNUSED_VARIABLE = YES;
				IPHONEOS_DEPLOYMENT_TARGET = 10.3;
				MTL_ENABLE_DEBUG_INFO = NO;
				SDKROOT = iphoneos;
				SWIFT_OPTIMIZATION_LEVEL = "-Owholemodule";
				TARGETED_DEVICE_FAMILY = "1,2";
				VALIDATE_PRODUCT = YES;
			};
			name = Release;
		};
		B0D0EE101EBBDB96008687F4 /* Debug */ = {
			isa = XCBuildConfiguration;
			buildSettings = {
				ASSETCATALOG_COMPILER_APPICON_NAME = AppIcon;
				DEVELOPMENT_TEAM = 6RV5CH2XTD;
				INFOPLIST_FILE = PlaygroundsAndViewModelsExample/Info.plist;
				LD_RUNPATH_SEARCH_PATHS = "$(inherited) @executable_path/Frameworks";
				PRODUCT_BUNDLE_IDENTIFIER = com.rommelrico.PlaygroundsAndViewModelsExample;
				PRODUCT_NAME = "$(TARGET_NAME)";
				SWIFT_VERSION = 3.0;
			};
			name = Debug;
		};
		B0D0EE111EBBDB96008687F4 /* Release */ = {
			isa = XCBuildConfiguration;
			buildSettings = {
				ASSETCATALOG_COMPILER_APPICON_NAME = AppIcon;
				DEVELOPMENT_TEAM = 6RV5CH2XTD;
				INFOPLIST_FILE = PlaygroundsAndViewModelsExample/Info.plist;
				LD_RUNPATH_SEARCH_PATHS = "$(inherited) @executable_path/Frameworks";
				PRODUCT_BUNDLE_IDENTIFIER = com.rommelrico.PlaygroundsAndViewModelsExample;
				PRODUCT_NAME = "$(TARGET_NAME)";
				SWIFT_VERSION = 3.0;
			};
			name = Release;
		};
		B0D0EE131EBBDB96008687F4 /* Debug */ = {
			isa = XCBuildConfiguration;
			buildSettings = {
				ALWAYS_EMBED_SWIFT_STANDARD_LIBRARIES = YES;
				BUNDLE_LOADER = "$(TEST_HOST)";
				DEVELOPMENT_TEAM = 6RV5CH2XTD;
				INFOPLIST_FILE = PlaygroundsAndViewModelsExampleTests/Info.plist;
				LD_RUNPATH_SEARCH_PATHS = "$(inherited) @executable_path/Frameworks @loader_path/Frameworks";
				PRODUCT_BUNDLE_IDENTIFIER = com.rommelrico.PlaygroundsAndViewModelsExampleTests;
				PRODUCT_NAME = "$(TARGET_NAME)";
				SWIFT_VERSION = 3.0;
				TEST_HOST = "$(BUILT_PRODUCTS_DIR)/PlaygroundsAndViewModelsExample.app/PlaygroundsAndViewModelsExample";
			};
			name = Debug;
		};
		B0D0EE141EBBDB96008687F4 /* Release */ = {
			isa = XCBuildConfiguration;
			buildSettings = {
				ALWAYS_EMBED_SWIFT_STANDARD_LIBRARIES = YES;
				BUNDLE_LOADER = "$(TEST_HOST)";
				DEVELOPMENT_TEAM = 6RV5CH2XTD;
				INFOPLIST_FILE = PlaygroundsAndViewModelsExampleTests/Info.plist;
				LD_RUNPATH_SEARCH_PATHS = "$(inherited) @executable_path/Frameworks @loader_path/Frameworks";
				PRODUCT_BUNDLE_IDENTIFIER = com.rommelrico.PlaygroundsAndViewModelsExampleTests;
				PRODUCT_NAME = "$(TARGET_NAME)";
				SWIFT_VERSION = 3.0;
				TEST_HOST = "$(BUILT_PRODUCTS_DIR)/PlaygroundsAndViewModelsExample.app/PlaygroundsAndViewModelsExample";
			};
			name = Release;
		};
		B0D0EE161EBBDB96008687F4 /* Debug */ = {
			isa = XCBuildConfiguration;
			buildSettings = {
				ALWAYS_EMBED_SWIFT_STANDARD_LIBRARIES = YES;
				DEVELOPMENT_TEAM = 6RV5CH2XTD;
				INFOPLIST_FILE = PlaygroundsAndViewModelsExampleUITests/Info.plist;
				LD_RUNPATH_SEARCH_PATHS = "$(inherited) @executable_path/Frameworks @loader_path/Frameworks";
				PRODUCT_BUNDLE_IDENTIFIER = com.rommelrico.PlaygroundsAndViewModelsExampleUITests;
				PRODUCT_NAME = "$(TARGET_NAME)";
				SWIFT_VERSION = 3.0;
				TEST_TARGET_NAME = PlaygroundsAndViewModelsExample;
			};
			name = Debug;
		};
		B0D0EE171EBBDB96008687F4 /* Release */ = {
			isa = XCBuildConfiguration;
			buildSettings = {
				ALWAYS_EMBED_SWIFT_STANDARD_LIBRARIES = YES;
				DEVELOPMENT_TEAM = 6RV5CH2XTD;
				INFOPLIST_FILE = PlaygroundsAndViewModelsExampleUITests/Info.plist;
				LD_RUNPATH_SEARCH_PATHS = "$(inherited) @executable_path/Frameworks @loader_path/Frameworks";
				PRODUCT_BUNDLE_IDENTIFIER = com.rommelrico.PlaygroundsAndViewModelsExampleUITests;
				PRODUCT_NAME = "$(TARGET_NAME)";
				SWIFT_VERSION = 3.0;
				TEST_TARGET_NAME = PlaygroundsAndViewModelsExample;
			};
			name = Release;
		};
/* End XCBuildConfiguration section */

/* Begin XCConfigurationList section */
		B0D0EDE21EBBDB95008687F4 /* Build configuration list for PBXProject "PlaygroundsAndViewModelsExample" */ = {
			isa = XCConfigurationList;
			buildConfigurations = (
				B0D0EE0D1EBBDB96008687F4 /* Debug */,
				B0D0EE0E1EBBDB96008687F4 /* Release */,
			);
			defaultConfigurationIsVisible = 0;
			defaultConfigurationName = Release;
		};
		B0D0EE0F1EBBDB96008687F4 /* Build configuration list for PBXNativeTarget "PlaygroundsAndViewModelsExample" */ = {
			isa = XCConfigurationList;
			buildConfigurations = (
				B0D0EE101EBBDB96008687F4 /* Debug */,
				B0D0EE111EBBDB96008687F4 /* Release */,
			);
			defaultConfigurationIsVisible = 0;
		};
		B0D0EE121EBBDB96008687F4 /* Build configuration list for PBXNativeTarget "PlaygroundsAndViewModelsExampleTests" */ = {
			isa = XCConfigurationList;
			buildConfigurations = (
				B0D0EE131EBBDB96008687F4 /* Debug */,
				B0D0EE141EBBDB96008687F4 /* Release */,
			);
			defaultConfigurationIsVisible = 0;
		};
		B0D0EE151EBBDB96008687F4 /* Build configuration list for PBXNativeTarget "PlaygroundsAndViewModelsExampleUITests" */ = {
			isa = XCConfigurationList;
			buildConfigurations = (
				B0D0EE161EBBDB96008687F4 /* Debug */,
				B0D0EE171EBBDB96008687F4 /* Release */,
			);
			defaultConfigurationIsVisible = 0;
		};
/* End XCConfigurationList section */
	};
	rootObject = B0D0EDDF1EBBDB95008687F4 /* Project object */;
}
